
Microsoft Visual Studio Solution File, Format Version 12.00
# Visual Studio Version 17
VisualStudioVersion = 17.2.32616.157
MinimumVisualStudioVersion = 10.0.40219.1
Project("{FAE04EC0-301F-11D3-BF4B-00C04F79EFBC}") = "Diplo.GodMode", "Diplo.GodMode\Diplo.GodMode.csproj", "{456F9D93-BAB6-49DF-AD77-EC943CD5826D}"
EndProject
Project("{2150E333-8FDC-42A3-9474-1A3956D46DE8}") = "BuildPackage", "BuildPackage", "{7991ECC7-5734-40A9-9287-1023FEB23F1C}"
	ProjectSection(SolutionItems) = preProject
		BuildPackage\Build.bat = BuildPackage\Build.bat
		BuildPackage\Package.build.xml = BuildPackage\Package.build.xml
		BuildPackage\package.nuspec = BuildPackage\package.nuspec
		BuildPackage\Package.xml = BuildPackage\Package.xml
	EndProjectSection
EndProject
Project("{E24C65DC-7377-472B-9ABA-BC803B73C61A}") = "Umbraco.Web", "Umbraco.Web\", "{06F3529F-F87F-46A5-A959-C7550E0D70B1}"
	ProjectSection(WebsiteProperties) = preProject
		TargetFrameworkMoniker = ".NETFramework,Version%3Dv4.8"
		Debug.AspNetCompiler.VirtualPath = "/localhost_63649"
		Debug.AspNetCompiler.PhysicalPath = "Umbraco.Web\"
		Debug.AspNetCompiler.TargetPath = "PrecompiledWeb\localhost_63649\"
		Debug.AspNetCompiler.Updateable = "true"
		Debug.AspNetCompiler.ForceOverwrite = "true"
		Debug.AspNetCompiler.FixedNames = "false"
		Debug.AspNetCompiler.Debug = "True"
		Release.AspNetCompiler.VirtualPath = "/localhost_63649"
		Release.AspNetCompiler.PhysicalPath = "Umbraco.Web\"
		Release.AspNetCompiler.TargetPath = "PrecompiledWeb\localhost_63649\"
		Release.AspNetCompiler.Updateable = "true"
		Release.AspNetCompiler.ForceOverwrite = "true"
		Release.AspNetCompiler.FixedNames = "false"
		Release.AspNetCompiler.Debug = "False"
		VWDPort = "63649"
		SlnRelativePath = "Umbraco.Web\"
	EndProjectSection
EndProject
Global
	GlobalSection(SolutionConfigurationPlatforms) = preSolution
		Debug|Any CPU = Debug|Any CPU
		Release|Any CPU = Release|Any CPU
	EndGlobalSection
	GlobalSection(ProjectConfigurationPlatforms) = postSolution
		{456F9D93-BAB6-49DF-AD77-EC943CD5826D}.Debug|Any CPU.ActiveCfg = Debug|Any CPU
		{456F9D93-BAB6-49DF-AD77-EC943CD5826D}.Debug|Any CPU.Build.0 = Debug|Any CPU
		{456F9D93-BAB6-49DF-AD77-EC943CD5826D}.Release|Any CPU.ActiveCfg = Release|Any CPU
		{456F9D93-BAB6-49DF-AD77-EC943CD5826D}.Release|Any CPU.Build.0 = Release|Any CPU
		{06F3529F-F87F-46A5-A959-C7550E0D70B1}.Debug|Any CPU.ActiveCfg = Debug|Any CPU
		{06F3529F-F87F-46A5-A959-C7550E0D70B1}.Debug|Any CPU.Build.0 = Debug|Any CPU
		{06F3529F-F87F-46A5-A959-C7550E0D70B1}.Release|Any CPU.ActiveCfg = Debug|Any CPU
		{06F3529F-F87F-46A5-A959-C7550E0D70B1}.Release|Any CPU.Build.0 = Debug|Any CPU
	EndGlobalSection
	GlobalSection(SolutionProperties) = preSolution
		HideSolutionNode = FALSE
	EndGlobalSection
	GlobalSection(ExtensibilityGlobals) = postSolution
		SolutionGuid = {C4BFE04E-47C3-4CE4-ABF4-680AFB7A372E}
	EndGlobalSection
EndGlobal
